// !$*UTF8*$!
{
	archiveVersion = 1;
	classes = {
	};
	objectVersion = 56;
	objects = {

/* Begin PBXBuildFile section */
		A10000010000000000000001 /* StockTrackerApp.swift in Sources */ = {isa = PBXBuildFile; fileRef = A20000010000000000000001 /* StockTrackerApp.swift */; };
		A10000010000000000000002 /* ContentView.swift in Sources */ = {isa = PBXBuildFile; fileRef = A20000010000000000000002 /* ContentView.swift */; };
		A10000010000000000000003 /* MessageCardView.swift in Sources */ = {isa = PBXBuildFile; fileRef = A20000010000000000000003 /* MessageCardView.swift */; };
		A10000010000000000000004 /* SettingsView.swift in Sources */ = {isa = PBXBuildFile; fileRef = A20000010000000000000004 /* SettingsView.swift */; };
		A10000010000000000000005 /* StockMessage.swift in Sources */ = {isa = PBXBuildFile; fileRef = A20000010000000000000005 /* StockMessage.swift */; };
		A10000010000000000000006 /* AppSettings.swift in Sources */ = {isa = PBXBuildFile; fileRef = A20000010000000000000006 /* AppSettings.swift */; };
		A10000010000000000000007 /* MessageSyncService.swift in Sources */ = {isa = PBXBuildFile; fileRef = A20000010000000000000007 /* MessageSyncService.swift */; };
		A10000010000000000000008 /* DummyMessageService.swift in Sources */ = {isa = PBXBuildFile; fileRef = A20000010000000000000008 /* DummyMessageService.swift */; };
		A10000010000000000000009 /* PollingMessageService.swift in Sources */ = {isa = PBXBuildFile; fileRef = A20000010000000000000009 /* PollingMessageService.swift */; };
		A1000001000000000000000A /* WebSocketMessageService.swift in Sources */ = {isa = PBXBuildFile; fileRef = A2000001000000000000000A /* WebSocketMessageService.swift */; };
		A1000001000000000000000B /* MessageFeedViewModel.swift in Sources */ = {isa = PBXBuildFile; fileRef = A2000001000000000000000B /* MessageFeedViewModel.swift */; };
		A1000001000000000000000C /* Assets.xcassets in Resources */ = {isa = PBXBuildFile; fileRef = A2000001000000000000000C /* Assets.xcassets */; };
/* End PBXBuildFile section */

/* Begin PBXFileReference section */
		A20000010000000000000001 /* StockTrackerApp.swift */ = {isa = PBXFileReference; lastKnownFileType = sourcecode.swift; path = StockTrackerApp.swift; sourceTree = "<group>"; };
		A20000010000000000000002 /* ContentView.swift */ = {isa = PBXFileReference; lastKnownFileType = sourcecode.swift; path = ContentView.swift; sourceTree = "<group>"; };
		A20000010000000000000003 /* MessageCardView.swift */ = {isa = PBXFileReference; lastKnownFileType = sourcecode.swift; path = MessageCardView.swift; sourceTree = "<group>"; };
		A20000010000000000000004 /* SettingsView.swift */ = {isa = PBXFileReference; lastKnownFileType = sourcecode.swift; path = SettingsView.swift; sourceTree = "<group>"; };
		A20000010000000000000005 /* StockMessage.swift */ = {isa = PBXFileReference; lastKnownFileType = sourcecode.swift; path = StockMessage.swift; sourceTree = "<group>"; };
		A20000010000000000000006 /* AppSettings.swift */ = {isa = PBXFileReference; lastKnownFileType = sourcecode.swift; path = AppSettings.swift; sourceTree = "<group>"; };
		A20000010000000000000007 /* MessageSyncService.swift */ = {isa = PBXFileReference; lastKnownFileType = sourcecode.swift; path = MessageSyncService.swift; sourceTree = "<group>"; };
		A20000010000000000000008 /* DummyMessageService.swift */ = {isa = PBXFileReference; lastKnownFileType = sourcecode.swift; path = DummyMessageService.swift; sourceTree = "<group>"; };
		A20000010000000000000009 /* PollingMessageService.swift */ = {isa = PBXFileReference; lastKnownFileType = sourcecode.swift; path = PollingMessageService.swift; sourceTree = "<group>"; };
		A2000001000000000000000A /* WebSocketMessageService.swift */ = {isa = PBXFileReference; lastKnownFileType = sourcecode.swift; path = WebSocketMessageService.swift; sourceTree = "<group>"; };
		A2000001000000000000000B /* MessageFeedViewModel.swift */ = {isa = PBXFileReference; lastKnownFileType = sourcecode.swift; path = MessageFeedViewModel.swift; sourceTree = "<group>"; };
		A2000001000000000000000C /* Assets.xcassets */ = {isa = PBXFileReference; lastKnownFileType = folder.assetcatalog; path = Assets.xcassets; sourceTree = "<group>"; };
		A2000001000000000000000D /* Info.plist */ = {isa = PBXFileReference; lastKnownFileType = text.plist.xml; path = Info.plist; sourceTree = "<group>"; };
		A30000010000000000000001 /* StockTracker.app */ = {isa = PBXFileReference; explicitFileType = wrapper.application; includeInIndex = 0; path = StockTracker.app; sourceTree = BUILT_PRODUCTS_DIR; };
/* End PBXFileReference section */

/* Begin PBXFrameworksBuildPhase section */
		A40000010000000000000001 /* Frameworks */ = {
			isa = PBXFrameworksBuildPhase;
			buildActionMask = 2147483647;
			files = (
			);
			runOnlyForDeploymentPostprocessing = 0;
		};
/* End PBXFrameworksBuildPhase section */

/* Begin PBXGroup section */
		A50000010000000000000001 = {
			isa = PBXGroup;
			children = (
				A50000010000000000000002 /* StockTracker */,
				A50000010000000000000003 /* Products */,
			);
			sourceTree = "<group>";
		};
		A50000010000000000000002 /* StockTracker */ = {
			isa = PBXGroup;
			children = (
				A20000010000000000000001 /* StockTrackerApp.swift */,
				A50000010000000000000004 /* Views */,
				A50000010000000000000005 /* ViewModels */,
				A50000010000000000000006 /* Models */,
				A50000010000000000000007 /* Services */,
				A2000001000000000000000C /* Assets.xcassets */,
				A2000001000000000000000D /* Info.plist */,
			);
			path = StockTracker;
			sourceTree = "<group>";
		};
		A50000010000000000000003 /* Products */ = {
			isa = PBXGroup;
			children = (
				A30000010000000000000001 /* StockTracker.app */,
			);
			name = Products;
			sourceTree = "<group>";
		};
		A50000010000000000000004 /* Views */ = {
			isa = PBXGroup;
			children = (
				A20000010000000000000002 /* ContentView.swift */,
				A20000010000000000000003 /* MessageCardView.swift */,
				A20000010000000000000004 /* SettingsView.swift */,
			);
			path = Views;
			sourceTree = "<group>";
		};
		A50000010000000000000005 /* ViewModels */ = {
			isa = PBXGroup;
			children = (
				A2000001000000000000000B /* MessageFeedViewModel.swift */,
			);
			path = ViewModels;
			sourceTree = "<group>";
		};
		A50000010000000000000006 /* Models */ = {
			isa = PBXGroup;
			children = (
				A20000010000000000000005 /* StockMessage.swift */,
				A20000010000000000000006 /* AppSettings.swift */,
			);
			path = Models;
			sourceTree = "<group>";
		};
		A50000010000000000000007 /* Services */ = {
			isa = PBXGroup;
			children = (
				A20000010000000000000007 /* MessageSyncService.swift */,
				A20000010000000000000008 /* DummyMessageService.swift */,
				A20000010000000000000009 /* PollingMessageService.swift */,
				A2000001000000000000000A /* WebSocketMessageService.swift */,
			);
			path = Services;
			sourceTree = "<group>";
		};
/* End PBXGroup section */

/* Begin PBXNativeTarget section */
		A60000010000000000000001 /* StockTracker */ = {
			isa = PBXNativeTarget;
			buildConfigurationList = A80000010000000000000003 /* Build configuration list for PBXNativeTarget "StockTracker" */;
			buildPhases = (
				A60000010000000000000002 /* Sources */,
				A40000010000000000000001 /* Frameworks */,
				A60000010000000000000003 /* Resources */,
			);
			buildRules = (
			);
			dependencies = (
			);
			name = StockTracker;
			productName = StockTracker;
			productReference = A30000010000000000000001 /* StockTracker.app */;
			productType = "com.apple.product-type.application";
		};
/* End PBXNativeTarget section */

/* Begin PBXProject section */
		A70000010000000000000001 /* Project object */ = {
			isa = PBXProject;
			attributes = {
				BuildIndependentTargetsInParallel = 1;
				LastSwiftUpdateCheck = 2600;
				LastUpgradeCheck = 2600;
				TargetAttributes = {
					A60000010000000000000001 = {
						CreatedOnToolsVersion = 26.0;
					};
				};
			};
			buildConfigurationList = A80000010000000000000001 /* Build configuration list for PBXProject "StockTracker" */;
			compatibilityVersion = "Xcode 14.0";
			developmentRegion = en;
			hasScannedForEncodings = 0;
			knownRegions = (
				en,
				Base,
			);
			mainGroup = A50000010000000000000001;
			productRefGroup = A50000010000000000000003 /* Products */;
			projectDirPath = "";
			projectRoot = "";
			targets = (
				A60000010000000000000001 /* StockTracker */,
			);
		};
/* End PBXProject section */

/* Begin PBXResourcesBuildPhase section */
		A60000010000000000000003 /* Resources */ = {
			isa = PBXResourcesBuildPhase;
			buildActionMask = 2147483647;
			files = (
				A1000001000000000000000C /* Assets.xcassets in Resources */,
			);
			runOnlyForDeploymentPostprocessing = 0;
		};
/* End PBXResourcesBuildPhase section */

/* Begin PBXSourcesBuildPhase section */
		A60000010000000000000002 /* Sources */ = {
			isa = PBXSourcesBuildPhase;
			buildActionMask = 2147483647;
			files = (
				A10000010000000000000001 /* StockTrackerApp.swift in Sources */,
				A10000010000000000000002 /* ContentView.swift in Sources */,
				A10000010000000000000003 /* MessageCardView.swift in Sources */,
				A10000010000000000000004 /* SettingsView.swift in Sources */,
				A10000010000000000000005 /* StockMessage.swift in Sources */,
				A10000010000000000000006 /* AppSettings.swift in Sources */,
				A10000010000000000000007 /* MessageSyncService.swift in Sources */,
				A10000010000000000000008 /* DummyMessageService.swift in Sources */,
				A10000010000000000000009 /* PollingMessageService.swift in Sources */,
				A1000001000000000000000A /* WebSocketMessageService.swift in Sources */,
				A1000001000000000000000B /* MessageFeedViewModel.swift in Sources */,
			);
			runOnlyForDeploymentPostprocessing = 0;
		};
/* End PBXSourcesBuildPhase section */

/* Begin XCBuildConfiguration section */
		A90000010000000000000001 /* Debug */ = {
			isa = XCBuildConfiguration;
			buildSettings = {
				ALWAYS_SEARCH_USER_PATHS = NO;
				ASSETCATALOG_COMPILER_GENERATE_SWIFT_ASSET_SYMBOL_EXTENSIONS = YES;
				CLANG_ENABLE_MODULES = YES;
				CLANG_ENABLE_OBJC_ARC = YES;
				COPY_PHASE_STRIP = NO;
				DEBUG_INFORMATION_FORMAT = dwarf;
				ENABLE_STRICT_OBJC_MSGSEND = YES;
				ENABLE_TESTABILITY = YES;
				GCC_DYNAMIC_NO_PIC = NO;
				GCC_OPTIMIZATION_LEVEL = 0;
				GCC_PREPROCESSOR_DEFINITIONS = (
					"DEBUG=1",
					"$(inherited)",
				);
				IPHONEOS_DEPLOYMENT_TARGET = 17.0;
				MTL_ENABLE_DEBUG_INFO = INCLUDE_SOURCE;
				ONLY_ACTIVE_ARCH = YES;
				SDKROOT = iphoneos;
				SWIFT_ACTIVE_COMPILATION_CONDITIONS = "DEBUG $(inherited)";
				SWIFT_OPTIMIZATION_LEVEL = "-Onone";
			};
			name = Debug;
		};
		A90000010000000000000002 /* Release */ = {
			isa = XCBuildConfiguration;
			buildSettings = {
				ALWAYS_SEARCH_USER_PATHS = NO;
				ASSETCATALOG_COMPILER_GENERATE_SWIFT_ASSET_SYMBOL_EXTENSIONS = YES;
				CLANG_ENABLE_MODULES = YES;
				CLANG_ENABLE_OBJC_ARC = YES;
				COPY_PHASE_STRIP = NO;
				DEBUG_INFORMATION_FORMAT = "dwarf-with-dsym";
				ENABLE_NS_ASSERTIONS = NO;
				ENABLE_STRICT_OBJC_MSGSEND = YES;
				IPHONEOS_DEPLOYMENT_TARGET = 17.0;
				MTL_ENABLE_DEBUG_INFO = NO;
				SDKROOT = iphoneos;
				SWIFT_COMPILATION_MODE = wholemodule;
				VALIDATE_PRODUCT = YES;
			};
			name = Release;
		};
		A90000010000000000000003 /* Debug */ = {
			isa = XCBuildConfiguration;
			buildSettings = {
				ASSETCATALOG_COMPILER_APPICON_NAME = AppIcon;
				ASSETCATALOG_COMPILER_GLOBAL_ACCENT_COLOR_NAME = AccentColor;
				CODE_SIGN_IDENTITY = "Apple Development";
				CODE_SIGN_STYLE = Automatic;
				CURRENT_PROJECT_VERSION = 1;
				DEVELOPMENT_TEAM = 4FBRLJX2N7;
				ENABLE_PREVIEWS = YES;
				GENERATE_INFOPLIST_FILE = YES;
				INFOPLIST_FILE = StockTracker/Info.plist;
				INFOPLIST_KEY_CFBundleDisplayName = "Stock Tracker";
				INFOPLIST_KEY_UIApplicationSceneManifest_Generation = YES;
				INFOPLIST_KEY_UIApplicationSupportsIndirectInputEvents = YES;
				INFOPLIST_KEY_UILaunchScreen_Generation = YES;
				INFOPLIST_KEY_UISupportedInterfaceOrientations = UIInterfaceOrientationPortrait;
				LD_RUNPATH_SEARCH_PATHS = (
					"$(inherited)",
					"@executable_path/Frameworks",
				);
				MARKETING_VERSION = 1.0;
				PRODUCT_BUNDLE_IDENTIFIER = com.achintyaranchaudhary.stocktracker;
				PRODUCT_NAME = "$(TARGET_NAME)";
				PROVISIONING_PROFILE_SPECIFIER = "";
				SUPPORTED_PLATFORMS = "iphoneos iphonesimulator";
				SUPPORTS_MACCATALYST = NO;
				SWIFT_EMIT_LOC_STRINGS = YES;
				SWIFT_VERSION = 5.0;
				TARGETED_DEVICE_FAMILY = 1;
			};
			name = Debug;
		};
		A90000010000000000000004 /* Release */ = {
			isa = XCBuildConfiguration;
			buildSettings = {
				ASSETCATALOG_COMPILER_APPICON_NAME = AppIcon;
				ASSETCATALOG_COMPILER_GLOBAL_ACCENT_COLOR_NAME = AccentColor;
				CODE_SIGN_IDENTITY = "Apple Development";
				CODE_SIGN_STYLE = Automatic;
				CURRENT_PROJECT_VERSION = 1;
				DEVELOPMENT_TEAM = 4FBRLJX2N7;
				ENABLE_PREVIEWS = YES;
				GENERATE_INFOPLIST_FILE = YES;
				INFOPLIST_FILE = StockTracker/Info.plist;
				INFOPLIST_KEY_CFBundleDisplayName = "Stock Tracker";
				INFOPLIST_KEY_UIApplicationSceneManifest_Generation = YES;
				INFOPLIST_KEY_UIApplicationSupportsIndirectInputEvents = YES;
				INFOPLIST_KEY_UILaunchScreen_Generation = YES;
				INFOPLIST_KEY_UISupportedInterfaceOrientations = UIInterfaceOrientationPortrait;
				LD_RUNPATH_SEARCH_PATHS = (
					"$(inherited)",
					"@executable_path/Frameworks",
				);
				MARKETING_VERSION = 1.0;
				PRODUCT_BUNDLE_IDENTIFIER = com.achintyaranchaudhary.stocktracker;
				PRODUCT_NAME = "$(TARGET_NAME)";
				PROVISIONING_PROFILE_SPECIFIER = "";
				SUPPORTED_PLATFORMS = "iphoneos iphonesimulator";
				SUPPORTS_MACCATALYST = NO;
				SWIFT_EMIT_LOC_STRINGS = YES;
				SWIFT_VERSION = 5.0;
				TARGETED_DEVICE_FAMILY = 1;
			};
			name = Release;
		};
/* End XCBuildConfiguration section */

/* Begin XCConfigurationList section */
		A80000010000000000000001 /* Build configuration list for PBXProject "StockTracker" */ = {
			isa = XCConfigurationList;
			buildConfigurations = (
				A90000010000000000000001 /* Debug */,
				A90000010000000000000002 /* Release */,
			);
			defaultConfigurationIsVisible = 0;
			defaultConfigurationName = Release;
		};
		A80000010000000000000003 /* Build configuration list for PBXNativeTarget "StockTracker" */ = {
			isa = XCConfigurationList;
			buildConfigurations = (
				A90000010000000000000003 /* Debug */,
				A90000010000000000000004 /* Release */,
			);
			defaultConfigurationIsVisible = 0;
			defaultConfigurationName = Release;
		};
/* End XCConfigurationList section */
	};
	rootObject = A70000010000000000000001 /* Project object */;
}
